
Microsoft Visual Studio Solution File, Format Version 12.00
# Visual Studio Version 17
VisualStudioVersion = 17.9.34723.18
MinimumVisualStudioVersion = 10.0.40219.1
Project("{FAE04EC0-301F-11D3-BF4B-00C04F79EFBC}") = "ProScape.Web", "ProScape.Web\ProScape.Web.csproj", "{DF3E7CA6-20C0-44A7-8DC9-E178A8E1936B}"
EndProject
Global
	GlobalSection(SolutionConfigurationPlatforms) = preSolution
		Debug|Any CPU = Debug|Any CPU
		Release|Any CPU = Release|Any CPU
	EndGlobalSection
	GlobalSection(ProjectConfigurationPlatforms) = postSolution
		{DF3E7CA6-20C0-44A7-8DC9-E178A8E1936B}.Debug|Any CPU.ActiveCfg = Debug|Any CPU
		{DF3E7CA6-20C0-44A7-8DC9-E178A8E1936B}.Debug|Any CPU.Build.0 = Debug|Any CPU
		{DF3E7CA6-20C0-44A7-8DC9-E178A8E1936B}.Release|Any CPU.ActiveCfg = Release|Any CPU
		{DF3E7CA6-20C0-44A7-8DC9-E178A8E1936B}.Release|Any CPU.Build.0 = Release|Any CPU
	EndGlobalSection
	GlobalSection(SolutionProperties) = preSolution
		HideSolutionNode = FALSE
	EndGlobalSection
	GlobalSection(ExtensibilityGlobals) = postSolution
		SolutionGuid = {92418CAE-0F7F-4A73-9B6C-D1EAB5F7A37E}
	EndGlobalSection
EndGlobal
